
Microsoft Visual Studio Solution File, Format Version 12.00
# Visual Studio Version 16
VisualStudioVersion = 16.0.30011.22
MinimumVisualStudioVersion = 10.0.40219.1
Project("{FAE04EC0-301F-11D3-BF4B-00C04F79EFBC}") = "CatFishingWebSite", "CatFishingWebSite\CatFishingWebSite.csproj", "{B1222795-2426-414E-90AC-90370E91D3D3}"
EndProject
Global
	GlobalSection(SolutionConfigurationPlatforms) = preSolution
		Debug|Any CPU = Debug|Any CPU
		Release|Any CPU = Release|Any CPU
	EndGlobalSection
	GlobalSection(ProjectConfigurationPlatforms) = postSolution
		{B1222795-2426-414E-90AC-90370E91D3D3}.Debug|Any CPU.ActiveCfg = Debug|Any CPU
		{B1222795-2426-414E-90AC-90370E91D3D3}.Debug|Any CPU.Build.0 = Debug|Any CPU
		{B1222795-2426-414E-90AC-90370E91D3D3}.Release|Any CPU.ActiveCfg = Release|Any CPU
		{B1222795-2426-414E-90AC-90370E91D3D3}.Release|Any CPU.Build.0 = Release|Any CPU
	EndGlobalSection
	GlobalSection(SolutionProperties) = preSolution
		HideSolutionNode = FALSE
	EndGlobalSection
	GlobalSection(ExtensibilityGlobals) = postSolution
		SolutionGuid = {A6CC3251-9B62-40D0-928C-4D1694EDE7FD}
	EndGlobalSection
EndGlobal
